
Microsoft Visual Studio Solution File, Format Version 12.00
# Visual Studio Version 16
VisualStudioVersion = 16.0.30011.22
MinimumVisualStudioVersion = 10.0.40219.1
Project("{9A19103F-16F7-4668-BE54-9A1E7A4F7556}") = "FluentTransitions", "FluentTransitions\FluentTransitions.csproj", "{95CDE461-0720-4C3B-B5E1-D188391FB7C0}"
EndProject
Project("{FAE04EC0-301F-11D3-BF4B-00C04F79EFBC}") = "TestApp", "TestApp\TestApp.csproj", "{E5B3CEE3-973B-4400-BF81-62EEC02625F4}"
EndProject
Global
	GlobalSection(SolutionConfigurationPlatforms) = preSolution
		Release|Any CPU = Release|Any CPU
	EndGlobalSection
	GlobalSection(ProjectConfigurationPlatforms) = postSolution
		{95CDE461-0720-4C3B-B5E1-D188391FB7C0}.Release|Any CPU.ActiveCfg = Release|Any CPU
		{95CDE461-0720-4C3B-B5E1-D188391FB7C0}.Release|Any CPU.Build.0 = Release|Any CPU
		{E5B3CEE3-973B-4400-BF81-62EEC02625F4}.Release|Any CPU.ActiveCfg = Release|Any CPU
		{E5B3CEE3-973B-4400-BF81-62EEC02625F4}.Release|Any CPU.Build.0 = Release|Any CPU
	EndGlobalSection
	GlobalSection(SolutionProperties) = preSolution
		HideSolutionNode = FALSE
	EndGlobalSection
	GlobalSection(ExtensibilityGlobals) = postSolution
		SolutionGuid = {D7684A7E-357C-4C91-BE60-920B654D6FB3}
	EndGlobalSection
EndGlobal
